
Microsoft Visual Studio Solution File, Format Version 12.00
# Visual Studio Version 16
VisualStudioVersion = 16.0.33529.622
MinimumVisualStudioVersion = 10.0.40219.1
Project("{FAE04EC0-301F-11D3-BF4B-00C04F79EFBC}") = "240304HW", "240304HW.csproj", "{6E355A68-18DC-48E8-80B6-3BC417487618}"
EndProject
Global
	GlobalSection(SolutionConfigurationPlatforms) = preSolution
		Debug|Any CPU = Debug|Any CPU
		Release|Any CPU = Release|Any CPU
	EndGlobalSection
	GlobalSection(ProjectConfigurationPlatforms) = postSolution
		{6E355A68-18DC-48E8-80B6-3BC417487618}.Debug|Any CPU.ActiveCfg = Debug|Any CPU
		{6E355A68-18DC-48E8-80B6-3BC417487618}.Debug|Any CPU.Build.0 = Debug|Any CPU
		{6E355A68-18DC-48E8-80B6-3BC417487618}.Release|Any CPU.ActiveCfg = Release|Any CPU
		{6E355A68-18DC-48E8-80B6-3BC417487618}.Release|Any CPU.Build.0 = Release|Any CPU
	EndGlobalSection
	GlobalSection(SolutionProperties) = preSolution
		HideSolutionNode = FALSE
	EndGlobalSection
	GlobalSection(ExtensibilityGlobals) = postSolution
		SolutionGuid = {2D26684C-A463-4CA7-B1A6-CECEA3104743}
	EndGlobalSection
EndGlobal
